github.com/kmcsr/go-pio v0.1.0 h1:pLV11dL0qCpyZiWK3OUje1qgJVb+rdb2KshAgFC+5Jc=
github.com/kmcsr/go-pio v0.1.0/go.mod h1:a04VlNhOarQkqq3qLvc9ej+VVeNk4nG6yyV2WlNFV8E=
github.com/kmcsr/go-pio v0.1.1 h1:Qaddid1sF7gjKtb0xp29CBR7XyTCdqehvOiay5p7pNs=
github.com/kmcsr/go-pio v0.1.1/go.mod h1:a04VlNhOarQkqq3qLvc9ej+VVeNk4nG6yyV2WlNFV8E=
