github.com/kmcsr/go-pio v0.1.1 h1:Qaddid1sF7gjKtb0xp29CBR7XyTCdqehvOiay5p7pNs=
github.com/kmcsr/go-pio v0.1.1/go.mod h1:a04VlNhOarQkqq3qLvc9ej+VVeNk4nG6yyV2WlNFV8E=
github.com/kmcsr/go-pio v0.1.2 h1:Arg06Rd4sN8+HgAS+XSN1r4P1R6p3TUEyRbwPd/L+U4=
github.com/kmcsr/go-pio v0.1.2/go.mod h1:a04VlNhOarQkqq3qLvc9ej+VVeNk4nG6yyV2WlNFV8E=
